
Microsoft Visual Studio Solution File, Format Version 12.00
# Visual Studio 15
VisualStudioVersion = 15.0.27703.2000
MinimumVisualStudioVersion = 10.0.40219.1
Project("{FAE04EC0-301F-11D3-BF4B-00C04F79EFBC}") = "ConsoleAppSonar", "ConsoleAppSonar\ConsoleAppSonar.csproj", "{D257EEAD-DE0C-4DCC-8D54-E3C0CB17DB25}"
EndProject
Project("{FAE04EC0-301F-11D3-BF4B-00C04F79EFBC}") = "ConsoleAppSonar.Test", "ConsoleAppSonar.Test\ConsoleAppSonar.Test.csproj", "{86F43D5A-58CC-4902-8001-9CE9E5801B16}"
EndProject
Project("{FAE04EC0-301F-11D3-BF4B-00C04F79EFBC}") = "CommonServices.Test", "Services.Test\CommonServices.Test.csproj", "{8B195BCB-3A42-4626-AFA2-EFFA60C391B2}"
EndProject
Global
	GlobalSection(SolutionConfigurationPlatforms) = preSolution
		Debug|Any CPU = Debug|Any CPU
		Release|Any CPU = Release|Any CPU
	EndGlobalSection
	GlobalSection(ProjectConfigurationPlatforms) = postSolution
		{D257EEAD-DE0C-4DCC-8D54-E3C0CB17DB25}.Debug|Any CPU.ActiveCfg = Debug|Any CPU
		{D257EEAD-DE0C-4DCC-8D54-E3C0CB17DB25}.Debug|Any CPU.Build.0 = Debug|Any CPU
		{D257EEAD-DE0C-4DCC-8D54-E3C0CB17DB25}.Release|Any CPU.ActiveCfg = Release|Any CPU
		{D257EEAD-DE0C-4DCC-8D54-E3C0CB17DB25}.Release|Any CPU.Build.0 = Release|Any CPU
		{86F43D5A-58CC-4902-8001-9CE9E5801B16}.Debug|Any CPU.ActiveCfg = Debug|Any CPU
		{86F43D5A-58CC-4902-8001-9CE9E5801B16}.Debug|Any CPU.Build.0 = Debug|Any CPU
		{86F43D5A-58CC-4902-8001-9CE9E5801B16}.Release|Any CPU.ActiveCfg = Release|Any CPU
		{86F43D5A-58CC-4902-8001-9CE9E5801B16}.Release|Any CPU.Build.0 = Release|Any CPU
		{8B195BCB-3A42-4626-AFA2-EFFA60C391B2}.Debug|Any CPU.ActiveCfg = Debug|Any CPU
		{8B195BCB-3A42-4626-AFA2-EFFA60C391B2}.Debug|Any CPU.Build.0 = Debug|Any CPU
		{8B195BCB-3A42-4626-AFA2-EFFA60C391B2}.Release|Any CPU.ActiveCfg = Release|Any CPU
		{8B195BCB-3A42-4626-AFA2-EFFA60C391B2}.Release|Any CPU.Build.0 = Release|Any CPU
	EndGlobalSection
	GlobalSection(SolutionProperties) = preSolution
		HideSolutionNode = FALSE
	EndGlobalSection
	GlobalSection(ExtensibilityGlobals) = postSolution
		SolutionGuid = {FD2C99EE-08BC-4EA1-A3FF-BC89C101F650}
	EndGlobalSection
EndGlobal
